// !$*UTF8*$!
{
	archiveVersion = 1;
	classes = {
	};
	objectVersion = 51;
	objects = {

/* Begin PBXBuildFile section */
		31AEDA9E23D38C9100FB96D9 /* AppDelegate.swift in Sources */ = {isa = PBXBuildFile; fileRef = 31AEDA9D23D38C9100FB96D9 /* AppDelegate.swift */; };
		31AEDAA023D38C9100FB96D9 /* SceneDelegate.swift in Sources */ = {isa = PBXBuildFile; fileRef = 31AEDA9F23D38C9100FB96D9 /* SceneDelegate.swift */; };
		31AEDAA223D38C9100FB96D9 /* ViewController.swift in Sources */ = {isa = PBXBuildFile; fileRef = 31AEDAA123D38C9100FB96D9 /* ViewController.swift */; };
		31AEDAA523D38C9100FB96D9 /* Main.storyboard in Resources */ = {isa = PBXBuildFile; fileRef = 31AEDAA323D38C9100FB96D9 /* Main.storyboard */; };
		31AEDAA723D38C9200FB96D9 /* Assets.xcassets in Resources */ = {isa = PBXBuildFile; fileRef = 31AEDAA623D38C9200FB96D9 /* Assets.xcassets */; };
		31AEDAAA23D38C9200FB96D9 /* LaunchScreen.storyboard in Resources */ = {isa = PBXBuildFile; fileRef = 31AEDAA823D38C9200FB96D9 /* LaunchScreen.storyboard */; };
		31AEDAB223D38FE300FB96D9 /* ViewModel.swift in Sources */ = {isa = PBXBuildFile; fileRef = 31AEDAB123D38FE300FB96D9 /* ViewModel.swift */; };
		34D870FAE555BC67572EF5AE /* Pods_RxLoginSample.framework in Frameworks */ = {isa = PBXBuildFile; fileRef = 02D54E588C92542BDAB07F33 /* Pods_RxLoginSample.framework */; };
/* End PBXBuildFile section */

/* Begin PBXFileReference section */
		02D54E588C92542BDAB07F33 /* Pods_RxLoginSample.framework */ = {isa = PBXFileReference; explicitFileType = wrapper.framework; includeInIndex = 0; path = Pods_RxLoginSample.framework; sourceTree = BUILT_PRODUCTS_DIR; };
		31AEDA9A23D38C9100FB96D9 /* RxLoginSample.app */ = {isa = PBXFileReference; explicitFileType = wrapper.application; includeInIndex = 0; path = RxLoginSample.app; sourceTree = BUILT_PRODUCTS_DIR; };
		31AEDA9D23D38C9100FB96D9 /* AppDelegate.swift */ = {isa = PBXFileReference; lastKnownFileType = sourcecode.swift; path = AppDelegate.swift; sourceTree = "<group>"; };
		31AEDA9F23D38C9100FB96D9 /* SceneDelegate.swift */ = {isa = PBXFileReference; lastKnownFileType = sourcecode.swift; path = SceneDelegate.swift; sourceTree = "<group>"; };
		31AEDAA123D38C9100FB96D9 /* ViewController.swift */ = {isa = PBXFileReference; lastKnownFileType = sourcecode.swift; path = ViewController.swift; sourceTree = "<group>"; };
		31AEDAA423D38C9100FB96D9 /* Base */ = {isa = PBXFileReference; lastKnownFileType = file.storyboard; name = Base; path = Base.lproj/Main.storyboard; sourceTree = "<group>"; };
		31AEDAA623D38C9200FB96D9 /* Assets.xcassets */ = {isa = PBXFileReference; lastKnownFileType = folder.assetcatalog; path = Assets.xcassets; sourceTree = "<group>"; };
		31AEDAA923D38C9200FB96D9 /* Base */ = {isa = PBXFileReference; lastKnownFileType = file.storyboard; name = Base; path = Base.lproj/LaunchScreen.storyboard; sourceTree = "<group>"; };
		31AEDAAB23D38C9200FB96D9 /* Info.plist */ = {isa = PBXFileReference; lastKnownFileType = text.plist.xml; path = Info.plist; sourceTree = "<group>"; };
		31AEDAB123D38FE300FB96D9 /* ViewModel.swift */ = {isa = PBXFileReference; lastKnownFileType = sourcecode.swift; path = ViewModel.swift; sourceTree = "<group>"; };
		77A73908674566C786A6631C /* Pods-RxLoginSample.debug.xcconfig */ = {isa = PBXFileReference; includeInIndex = 1; lastKnownFileType = text.xcconfig; name = "Pods-RxLoginSample.debug.xcconfig"; path = "Target Support Files/Pods-RxLoginSample/Pods-RxLoginSample.debug.xcconfig"; sourceTree = "<group>"; };
		F9DE9F8F16413E7A25D18518 /* Pods-RxLoginSample.release.xcconfig */ = {isa = PBXFileReference; includeInIndex = 1; lastKnownFileType = text.xcconfig; name = "Pods-RxLoginSample.release.xcconfig"; path = "Target Support Files/Pods-RxLoginSample/Pods-RxLoginSample.release.xcconfig"; sourceTree = "<group>"; };
/* End PBXFileReference section */

/* Begin PBXFrameworksBuildPhase section */
		31AEDA9723D38C9100FB96D9 /* Frameworks */ = {
			isa = PBXFrameworksBuildPhase;
			buildActionMask = 2147483647;
			files = (
				34D870FAE555BC67572EF5AE /* Pods_RxLoginSample.framework in Frameworks */,
			);
			runOnlyForDeploymentPostprocessing = 0;
		};
/* End PBXFrameworksBuildPhase section */

/* Begin PBXGroup section */
		31AEDA9123D38C9100FB96D9 = {
			isa = PBXGroup;
			children = (
				31AEDA9C23D38C9100FB96D9 /* RxLoginSample */,
				31AEDA9B23D38C9100FB96D9 /* Products */,
				CF63EB042885326C5660E259 /* Pods */,
				5753314DF6739041DAA06A4E /* Frameworks */,
			);
			sourceTree = "<group>";
		};
		31AEDA9B23D38C9100FB96D9 /* Products */ = {
			isa = PBXGroup;
			children = (
				31AEDA9A23D38C9100FB96D9 /* RxLoginSample.app */,
			);
			name = Products;
			sourceTree = "<group>";
		};
		31AEDA9C23D38C9100FB96D9 /* RxLoginSample */ = {
			isa = PBXGroup;
			children = (
				31AEDA9D23D38C9100FB96D9 /* AppDelegate.swift */,
				31AEDA9F23D38C9100FB96D9 /* SceneDelegate.swift */,
				31AEDAA123D38C9100FB96D9 /* ViewController.swift */,
				31AEDAB123D38FE300FB96D9 /* ViewModel.swift */,
				31AEDAA323D38C9100FB96D9 /* Main.storyboard */,
				31AEDAA623D38C9200FB96D9 /* Assets.xcassets */,
				31AEDAA823D38C9200FB96D9 /* LaunchScreen.storyboard */,
				31AEDAAB23D38C9200FB96D9 /* Info.plist */,
			);
			path = RxLoginSample;
			sourceTree = "<group>";
		};
		5753314DF6739041DAA06A4E /* Frameworks */ = {
			isa = PBXGroup;
			children = (
				02D54E588C92542BDAB07F33 /* Pods_RxLoginSample.framework */,
			);
			name = Frameworks;
			sourceTree = "<group>";
		};
		CF63EB042885326C5660E259 /* Pods */ = {
			isa = PBXGroup;
			children = (
				77A73908674566C786A6631C /* Pods-RxLoginSample.debug.xcconfig */,
				F9DE9F8F16413E7A25D18518 /* Pods-RxLoginSample.release.xcconfig */,
			);
			path = Pods;
			sourceTree = "<group>";
		};
/* End PBXGroup section */

/* Begin PBXNativeTarget section */
		31AEDA9923D38C9100FB96D9 /* RxLoginSample */ = {
			isa = PBXNativeTarget;
			buildConfigurationList = 31AEDAAE23D38C9200FB96D9 /* Build configuration list for PBXNativeTarget "RxLoginSample" */;
			buildPhases = (
				13182DC575F978B03BF64881 /* [CP] Check Pods Manifest.lock */,
				31AEDA9623D38C9100FB96D9 /* Sources */,
				31AEDA9723D38C9100FB96D9 /* Frameworks */,
				31AEDA9823D38C9100FB96D9 /* Resources */,
				E98B54628E7DEE67E74FF08E /* [CP] Embed Pods Frameworks */,
			);
			buildRules = (
			);
			dependencies = (
			);
			name = RxLoginSample;
			productName = RxLoginSample;
			productReference = 31AEDA9A23D38C9100FB96D9 /* RxLoginSample.app */;
			productType = "com.apple.product-type.application";
		};
/* End PBXNativeTarget section */

/* Begin PBXProject section */
		31AEDA9223D38C9100FB96D9 /* Project object */ = {
			isa = PBXProject;
			attributes = {
				LastSwiftUpdateCheck = 1130;
				LastUpgradeCheck = 1130;
				ORGANIZATIONNAME = cano;
				TargetAttributes = {
					31AEDA9923D38C9100FB96D9 = {
						CreatedOnToolsVersion = 11.3.1;
					};
				};
			};
			buildConfigurationList = 31AEDA9523D38C9100FB96D9 /* Build configuration list for PBXProject "RxLoginSample" */;
			compatibilityVersion = "Xcode 9.3";
			developmentRegion = en;
			hasScannedForEncodings = 0;
			knownRegions = (
				en,
				Base,
			);
			mainGroup = 31AEDA9123D38C9100FB96D9;
			productRefGroup = 31AEDA9B23D38C9100FB96D9 /* Products */;
			projectDirPath = "";
			projectRoot = "";
			targets = (
				31AEDA9923D38C9100FB96D9 /* RxLoginSample */,
			);
		};
/* End PBXProject section */

/* Begin PBXResourcesBuildPhase section */
		31AEDA9823D38C9100FB96D9 /* Resources */ = {
			isa = PBXResourcesBuildPhase;
			buildActionMask = 2147483647;
			files = (
				31AEDAAA23D38C9200FB96D9 /* LaunchScreen.storyboard in Resources */,
				31AEDAA723D38C9200FB96D9 /* Assets.xcassets in Resources */,
				31AEDAA523D38C9100FB96D9 /* Main.storyboard in Resources */,
			);
			runOnlyForDeploymentPostprocessing = 0;
		};
/* End PBXResourcesBuildPhase section */

/* Begin PBXShellScriptBuildPhase section */
		13182DC575F978B03BF64881 /* [CP] Check Pods Manifest.lock */ = {
			isa = PBXShellScriptBuildPhase;
			buildActionMask = 2147483647;
			files = (
			);
			inputFileListPaths = (
			);
			inputPaths = (
				"${PODS_PODFILE_DIR_PATH}/Podfile.lock",
				"${PODS_ROOT}/Manifest.lock",
			);
			name = "[CP] Check Pods Manifest.lock";
			outputFileListPaths = (
			);
			outputPaths = (
				"$(DERIVED_FILE_DIR)/Pods-RxLoginSample-checkManifestLockResult.txt",
			);
			runOnlyForDeploymentPostprocessing = 0;
			shellPath = /bin/sh;
			shellScript = "diff \"${PODS_PODFILE_DIR_PATH}/Podfile.lock\" \"${PODS_ROOT}/Manifest.lock\" > /dev/null\nif [ $? != 0 ] ; then\n    # print error to STDERR\n    echo \"error: The sandbox is not in sync with the Podfile.lock. Run 'pod install' or update your CocoaPods installation.\" >&2\n    exit 1\nfi\n# This output is used by Xcode 'outputs' to avoid re-running this script phase.\necho \"SUCCESS\" > \"${SCRIPT_OUTPUT_FILE_0}\"\n";
			showEnvVarsInLog = 0;
		};
		E98B54628E7DEE67E74FF08E /* [CP] Embed Pods Frameworks */ = {
			isa = PBXShellScriptBuildPhase;
			buildActionMask = 2147483647;
			files = (
			);
			inputFileListPaths = (
				"${PODS_ROOT}/Target Support Files/Pods-RxLoginSample/Pods-RxLoginSample-frameworks-${CONFIGURATION}-input-files.xcfilelist",
			);
			name = "[CP] Embed Pods Frameworks";
			outputFileListPaths = (
				"${PODS_ROOT}/Target Support Files/Pods-RxLoginSample/Pods-RxLoginSample-frameworks-${CONFIGURATION}-output-files.xcfilelist",
			);
			runOnlyForDeploymentPostprocessing = 0;
			shellPath = /bin/sh;
			shellScript = "\"${PODS_ROOT}/Target Support Files/Pods-RxLoginSample/Pods-RxLoginSample-frameworks.sh\"\n";
			showEnvVarsInLog = 0;
		};
/* End PBXShellScriptBuildPhase section */

/* Begin PBXSourcesBuildPhase section */
		31AEDA9623D38C9100FB96D9 /* Sources */ = {
			isa = PBXSourcesBuildPhase;
			buildActionMask = 2147483647;
			files = (
				31AEDAA223D38C9100FB96D9 /* ViewController.swift in Sources */,
				31AEDA9E23D38C9100FB96D9 /* AppDelegate.swift in Sources */,
				31AEDAB223D38FE300FB96D9 /* ViewModel.swift in Sources */,
				31AEDAA023D38C9100FB96D9 /* SceneDelegate.swift in Sources */,
			);
			runOnlyForDeploymentPostprocessing = 0;
		};
/* End PBXSourcesBuildPhase section */

/* Begin PBXVariantGroup section */
		31AEDAA323D38C9100FB96D9 /* Main.storyboard */ = {
			isa = PBXVariantGroup;
			children = (
				31AEDAA423D38C9100FB96D9 /* Base */,
			);
			name = Main.storyboard;
			sourceTree = "<group>";
		};
		31AEDAA823D38C9200FB96D9 /* LaunchScreen.storyboard */ = {
			isa = PBXVariantGroup;
			children = (
				31AEDAA923D38C9200FB96D9 /* Base */,
			);
			name = LaunchScreen.storyboard;
			sourceTree = "<group>";
		};
/* End PBXVariantGroup section */

/* Begin XCBuildConfiguration section */
		31AEDAAC23D38C9200FB96D9 /* Debug */ = {
			isa = XCBuildConfiguration;
			buildSettings = {
				ALWAYS_SEARCH_USER_PATHS = NO;
				CLANG_ANALYZER_NONNULL = YES;
				CLANG_ANALYZER_NUMBER_OBJECT_CONVERSION = YES_AGGRESSIVE;
				CLANG_CXX_LANGUAGE_STANDARD = "gnu++14";
				CLANG_CXX_LIBRARY = "libc++";
				CLANG_ENABLE_MODULES = YES;
				CLANG_ENABLE_OBJC_ARC = YES;
				CLANG_ENABLE_OBJC_WEAK = YES;
				CLANG_WARN_BLOCK_CAPTURE_AUTORELEASING = YES;
				CLANG_WARN_BOOL_CONVERSION = YES;
				CLANG_WARN_COMMA = YES;
				CLANG_WARN_CONSTANT_CONVERSION = YES;
				CLANG_WARN_DEPRECATED_OBJC_IMPLEMENTATIONS = YES;
				CLANG_WARN_DIRECT_OBJC_ISA_USAGE = YES_ERROR;
				CLANG_WARN_DOCUMENTATION_COMMENTS = YES;
				CLANG_WARN_EMPTY_BODY = YES;
				CLANG_WARN_ENUM_CONVERSION = YES;
				CLANG_WARN_INFINITE_RECURSION = YES;
				CLANG_WARN_INT_CONVERSION = YES;
				CLANG_WARN_NON_LITERAL_NULL_CONVERSION = YES;
				CLANG_WARN_OBJC_IMPLICIT_RETAIN_SELF = YES;
				CLANG_WARN_OBJC_LITERAL_CONVERSION = YES;
				CLANG_WARN_OBJC_ROOT_CLASS = YES_ERROR;
				CLANG_WARN_RANGE_LOOP_ANALYSIS = YES;
				CLANG_WARN_STRICT_PROTOTYPES = YES;
				CLANG_WARN_SUSPICIOUS_MOVE = YES;
				CLANG_WARN_UNGUARDED_AVAILABILITY = YES_AGGRESSIVE;
				CLANG_WARN_UNREACHABLE_CODE = YES;
				CLANG_WARN__DUPLICATE_METHOD_MATCH = YES;
				COPY_PHASE_STRIP = NO;
				DEBUG_INFORMATION_FORMAT = dwarf;
				ENABLE_STRICT_OBJC_MSGSEND = YES;
				ENABLE_TESTABILITY = YES;
				GCC_C_LANGUAGE_STANDARD = gnu11;
				GCC_DYNAMIC_NO_PIC = NO;
				GCC_NO_COMMON_BLOCKS = YES;
				GCC_OPTIMIZATION_LEVEL = 0;
				GCC_PREPROCESSOR_DEFINITIONS = (
					"DEBUG=1",
					"$(inherited)",
				);
				GCC_WARN_64_TO_32_BIT_CONVERSION = YES;
				GCC_WARN_ABOUT_RETURN_TYPE = YES_ERROR;
				GCC_WARN_UNDECLARED_SELECTOR = YES;
				GCC_WARN_UNINITIALIZED_AUTOS = YES_AGGRESSIVE;
				GCC_WARN_UNUSED_FUNCTION = YES;
				GCC_WARN_UNUSED_VARIABLE = YES;
				IPHONEOS_DEPLOYMENT_TARGET = 13.2;
				MTL_ENABLE_DEBUG_INFO = INCLUDE_SOURCE;
				MTL_FAST_MATH = YES;
				ONLY_ACTIVE_ARCH = YES;
				SDKROOT = iphoneos;
				SWIFT_ACTIVE_COMPILATION_CONDITIONS = DEBUG;
				SWIFT_OPTIMIZATION_LEVEL = "-Onone";
			};
			name = Debug;
		};
		31AEDAAD23D38C9200FB96D9 /* Release */ = {
			isa = XCBuildConfiguration;
			buildSettings = {
				ALWAYS_SEARCH_USER_PATHS = NO;
				CLANG_ANALYZER_NONNULL = YES;
				CLANG_ANALYZER_NUMBER_OBJECT_CONVERSION = YES_AGGRESSIVE;
				CLANG_CXX_LANGUAGE_STANDARD = "gnu++14";
				CLANG_CXX_LIBRARY = "libc++";
				CLANG_ENABLE_MODULES = YES;
				CLANG_ENABLE_OBJC_ARC = YES;
				CLANG_ENABLE_OBJC_WEAK = YES;
				CLANG_WARN_BLOCK_CAPTURE_AUTORELEASING = YES;
				CLANG_WARN_BOOL_CONVERSION = YES;
				CLANG_WARN_COMMA = YES;
				CLANG_WARN_CONSTANT_CONVERSION = YES;
				CLANG_WARN_DEPRECATED_OBJC_IMPLEMENTATIONS = YES;
				CLANG_WARN_DIRECT_OBJC_ISA_USAGE = YES_ERROR;
				CLANG_WARN_DOCUMENTATION_COMMENTS = YES;
				CLANG_WARN_EMPTY_BODY = YES;
				CLANG_WARN_ENUM_CONVERSION = YES;
				CLANG_WARN_INFINITE_RECURSION = YES;
				CLANG_WARN_INT_CONVERSION = YES;
				CLANG_WARN_NON_LITERAL_NULL_CONVERSION = YES;
				CLANG_WARN_OBJC_IMPLICIT_RETAIN_SELF = YES;
				CLANG_WARN_OBJC_LITERAL_CONVERSION = YES;
				CLANG_WARN_OBJC_ROOT_CLASS = YES_ERROR;
				CLANG_WARN_RANGE_LOOP_ANALYSIS = YES;
				CLANG_WARN_STRICT_PROTOTYPES = YES;
				CLANG_WARN_SUSPICIOUS_MOVE = YES;
				CLANG_WARN_UNGUARDED_AVAILABILITY = YES_AGGRESSIVE;
				CLANG_WARN_UNREACHABLE_CODE = YES;
				CLANG_WARN__DUPLICATE_METHOD_MATCH = YES;
				COPY_PHASE_STRIP = NO;
				DEBUG_INFORMATION_FORMAT = "dwarf-with-dsym";
				ENABLE_NS_ASSERTIONS = NO;
				ENABLE_STRICT_OBJC_MSGSEND = YES;
				GCC_C_LANGUAGE_STANDARD = gnu11;
				GCC_NO_COMMON_BLOCKS = YES;
				GCC_WARN_64_TO_32_BIT_CONVERSION = YES;
				GCC_WARN_ABOUT_RETURN_TYPE = YES_ERROR;
				GCC_WARN_UNDECLARED_SELECTOR = YES;
				GCC_WARN_UNINITIALIZED_AUTOS = YES_AGGRESSIVE;
				GCC_WARN_UNUSED_FUNCTION = YES;
				GCC_WARN_UNUSED_VARIABLE = YES;
				IPHONEOS_DEPLOYMENT_TARGET = 13.2;
				MTL_ENABLE_DEBUG_INFO = NO;
				MTL_FAST_MATH = YES;
				SDKROOT = iphoneos;
				SWIFT_COMPILATION_MODE = wholemodule;
				SWIFT_OPTIMIZATION_LEVEL = "-O";
				VALIDATE_PRODUCT = YES;
			};
			name = Release;
		};
		31AEDAAF23D38C9200FB96D9 /* Debug */ = {
			isa = XCBuildConfiguration;
			baseConfigurationReference = 77A73908674566C786A6631C /* Pods-RxLoginSample.debug.xcconfig */;
			buildSettings = {
				ASSETCATALOG_COMPILER_APPICON_NAME = AppIcon;
				CODE_SIGN_STYLE = Automatic;
				DEVELOPMENT_TEAM = U5LW6HVD99;
				INFOPLIST_FILE = RxLoginSample/Info.plist;
				LD_RUNPATH_SEARCH_PATHS = (
					"$(inherited)",
					"@executable_path/Frameworks",
				);
				PRODUCT_BUNDLE_IDENTIFIER = com.yourcompany.RxLoginSample;
				PRODUCT_NAME = "$(TARGET_NAME)";
				SWIFT_VERSION = 5.0;
				TARGETED_DEVICE_FAMILY = 1;
			};
			name = Debug;
		};
		31AEDAB023D38C9200FB96D9 /* Release */ = {
			isa = XCBuildConfiguration;
			baseConfigurationReference = F9DE9F8F16413E7A25D18518 /* Pods-RxLoginSample.release.xcconfig */;
			buildSettings = {
				ASSETCATALOG_COMPILER_APPICON_NAME = AppIcon;
				CODE_SIGN_STYLE = Automatic;
				DEVELOPMENT_TEAM = U5LW6HVD99;
				INFOPLIST_FILE = RxLoginSample/Info.plist;
				LD_RUNPATH_SEARCH_PATHS = (
					"$(inherited)",
					"@executable_path/Frameworks",
				);
				PRODUCT_BUNDLE_IDENTIFIER = com.yourcompany.RxLoginSample;
				PRODUCT_NAME = "$(TARGET_NAME)";
				SWIFT_VERSION = 5.0;
				TARGETED_DEVICE_FAMILY = 1;
			};
			name = Release;
		};
/* End XCBuildConfiguration section */

/* Begin XCConfigurationList section */
		31AEDA9523D38C9100FB96D9 /* Build configuration list for PBXProject "RxLoginSample" */ = {
			isa = XCConfigurationList;
			buildConfigurations = (
				31AEDAAC23D38C9200FB96D9 /* Debug */,
				31AEDAAD23D38C9200FB96D9 /* Release */,
			);
			defaultConfigurationIsVisible = 0;
			defaultConfigurationName = Release;
		};
		31AEDAAE23D38C9200FB96D9 /* Build configuration list for PBXNativeTarget "RxLoginSample" */ = {
			isa = XCConfigurationList;
			buildConfigurations = (
				31AEDAAF23D38C9200FB96D9 /* Debug */,
				31AEDAB023D38C9200FB96D9 /* Release */,
			);
			defaultConfigurationIsVisible = 0;
			defaultConfigurationName = Release;
		};
/* End XCConfigurationList section */
	};
	rootObject = 31AEDA9223D38C9100FB96D9 /* Project object */;
}
